
Microsoft Visual Studio Solution File, Format Version 12.00
# Visual Studio Version 16
VisualStudioVersion = 16.0.28729.10
MinimumVisualStudioVersion = 10.0.40219.1
Project("{9A19103F-16F7-4668-BE54-9A1E7A4F7556}") = "OSP_Endscreen", "OSP_Endscreen\OSP_Endscreen.csproj", "{E5D27DAC-D148-46F3-9C29-B1C052C79407}"
EndProject
Project("{9A19103F-16F7-4668-BE54-9A1E7A4F7556}") = "BiggerLockboxes", "BiggerLockboxes\BiggerLockboxes.csproj", "{8C192D15-F371-4899-BCCB-F83D3A8D2121}"
EndProject
Project("{9A19103F-16F7-4668-BE54-9A1E7A4F7556}") = "NoMoreTripleQuestion", "NoMoreTripleQuestion\NoMoreTripleQuestion.csproj", "{58377250-5038-4DEF-87FB-3E326B0D4ED7}"
EndProject
Project("{9A19103F-16F7-4668-BE54-9A1E7A4F7556}") = "HarbCrate", "HarbCrate\HarbCrate.csproj", "{C2DE2868-4962-41D8-9B88-7C57633C1B5A}"
EndProject
Project("{9A19103F-16F7-4668-BE54-9A1E7A4F7556}") = "GreedyLockboxes", "GreedyLockboxes\GreedyLockboxes.csproj", "{78879F59-AE2C-42EF-A0E6-9DA2D00E5610}"
EndProject
Project("{2150E333-8FDC-42A3-9474-1A3956D46DE8}") = "Solution Items", "Solution Items", "{E0A411C9-7362-4C4F-B0B4-65B9F80E6FD0}"
	ProjectSection(SolutionItems) = preProject
		README.md = README.md
	EndProjectSection
EndProject
Project("{9A19103F-16F7-4668-BE54-9A1E7A4F7556}") = "NoForwardSaw", "NoForwardSaw\NoForwardSaw.csproj", "{A1443266-08DB-479A-A516-99D426F26962}"
EndProject
Project("{9A19103F-16F7-4668-BE54-9A1E7A4F7556}") = "ShorterMedkits", "ShorterMedkits\ShorterMedkits.csproj", "{9BDCDD8D-8ECB-4402-B07A-E8AA6F7D37B3}"
EndProject
Project("{9A19103F-16F7-4668-BE54-9A1E7A4F7556}") = "FirstStageSpawns", "FirstStageSpawns\FirstStageSpawns.csproj", "{F1D364A8-0B5B-4D6B-BE11-FCEE6F8DDABD}"
EndProject
Project("{2150E333-8FDC-42A3-9474-1A3956D46DE8}") = "Deprecated", "Deprecated", "{C8EAB105-028B-4568-904B-23F402AAF2A9}"
EndProject
Project("{2150E333-8FDC-42A3-9474-1A3956D46DE8}") = "Tests", "Tests", "{86C61259-621C-406D-8D9F-F525EE4C1EE2}"
EndProject
Project("{9A19103F-16F7-4668-BE54-9A1E7A4F7556}") = "Skillshrine", "SkillShrine\Skillshrine.csproj", "{A817997D-0C02-4467-9A89-CD31EB4A192F}"
EndProject
Project("{9A19103F-16F7-4668-BE54-9A1E7A4F7556}") = "emptyPlugin", "emptyPlugin\emptyPlugin.csproj", "{65D92568-0A5A-47C7-8A5A-FD7E148C6379}"
EndProject
Project("{9A19103F-16F7-4668-BE54-9A1E7A4F7556}") = "HarbTweaks", "HarbTweaks\HarbTweaks.csproj", "{CDC4D0A8-2269-4D35-B82E-DF403221BB86}"
EndProject
Project("{9A19103F-16F7-4668-BE54-9A1E7A4F7556}") = "Diluvian", "Deluge\Diluvian.csproj", "{FDEB682E-BE80-4AFE-BB42-7D79EEAB3E96}"
EndProject
Global
	GlobalSection(SolutionConfigurationPlatforms) = preSolution
		Debug|Any CPU = Debug|Any CPU
		Release|Any CPU = Release|Any CPU
	EndGlobalSection
	GlobalSection(ProjectConfigurationPlatforms) = postSolution
		{E5D27DAC-D148-46F3-9C29-B1C052C79407}.Debug|Any CPU.ActiveCfg = Debug|Any CPU
		{E5D27DAC-D148-46F3-9C29-B1C052C79407}.Debug|Any CPU.Build.0 = Debug|Any CPU
		{E5D27DAC-D148-46F3-9C29-B1C052C79407}.Release|Any CPU.ActiveCfg = Release|Any CPU
		{E5D27DAC-D148-46F3-9C29-B1C052C79407}.Release|Any CPU.Build.0 = Release|Any CPU
		{8C192D15-F371-4899-BCCB-F83D3A8D2121}.Debug|Any CPU.ActiveCfg = Debug|Any CPU
		{8C192D15-F371-4899-BCCB-F83D3A8D2121}.Debug|Any CPU.Build.0 = Debug|Any CPU
		{8C192D15-F371-4899-BCCB-F83D3A8D2121}.Release|Any CPU.ActiveCfg = Release|Any CPU
		{8C192D15-F371-4899-BCCB-F83D3A8D2121}.Release|Any CPU.Build.0 = Release|Any CPU
		{58377250-5038-4DEF-87FB-3E326B0D4ED7}.Debug|Any CPU.ActiveCfg = Debug|Any CPU
		{58377250-5038-4DEF-87FB-3E326B0D4ED7}.Debug|Any CPU.Build.0 = Debug|Any CPU
		{58377250-5038-4DEF-87FB-3E326B0D4ED7}.Release|Any CPU.ActiveCfg = Release|Any CPU
		{58377250-5038-4DEF-87FB-3E326B0D4ED7}.Release|Any CPU.Build.0 = Release|Any CPU
		{C2DE2868-4962-41D8-9B88-7C57633C1B5A}.Debug|Any CPU.ActiveCfg = Debug|Any CPU
		{C2DE2868-4962-41D8-9B88-7C57633C1B5A}.Debug|Any CPU.Build.0 = Debug|Any CPU
		{C2DE2868-4962-41D8-9B88-7C57633C1B5A}.Release|Any CPU.ActiveCfg = Release|Any CPU
		{C2DE2868-4962-41D8-9B88-7C57633C1B5A}.Release|Any CPU.Build.0 = Release|Any CPU
		{78879F59-AE2C-42EF-A0E6-9DA2D00E5610}.Debug|Any CPU.ActiveCfg = Debug|Any CPU
		{78879F59-AE2C-42EF-A0E6-9DA2D00E5610}.Debug|Any CPU.Build.0 = Debug|Any CPU
		{78879F59-AE2C-42EF-A0E6-9DA2D00E5610}.Release|Any CPU.ActiveCfg = Release|Any CPU
		{78879F59-AE2C-42EF-A0E6-9DA2D00E5610}.Release|Any CPU.Build.0 = Release|Any CPU
		{A1443266-08DB-479A-A516-99D426F26962}.Debug|Any CPU.ActiveCfg = Debug|Any CPU
		{A1443266-08DB-479A-A516-99D426F26962}.Debug|Any CPU.Build.0 = Debug|Any CPU
		{A1443266-08DB-479A-A516-99D426F26962}.Release|Any CPU.ActiveCfg = Release|Any CPU
		{A1443266-08DB-479A-A516-99D426F26962}.Release|Any CPU.Build.0 = Release|Any CPU
		{9BDCDD8D-8ECB-4402-B07A-E8AA6F7D37B3}.Debug|Any CPU.ActiveCfg = Debug|Any CPU
		{9BDCDD8D-8ECB-4402-B07A-E8AA6F7D37B3}.Debug|Any CPU.Build.0 = Debug|Any CPU
		{9BDCDD8D-8ECB-4402-B07A-E8AA6F7D37B3}.Release|Any CPU.ActiveCfg = Release|Any CPU
		{9BDCDD8D-8ECB-4402-B07A-E8AA6F7D37B3}.Release|Any CPU.Build.0 = Release|Any CPU
		{F1D364A8-0B5B-4D6B-BE11-FCEE6F8DDABD}.Debug|Any CPU.ActiveCfg = Debug|Any CPU
		{F1D364A8-0B5B-4D6B-BE11-FCEE6F8DDABD}.Debug|Any CPU.Build.0 = Debug|Any CPU
		{F1D364A8-0B5B-4D6B-BE11-FCEE6F8DDABD}.Release|Any CPU.ActiveCfg = Release|Any CPU
		{F1D364A8-0B5B-4D6B-BE11-FCEE6F8DDABD}.Release|Any CPU.Build.0 = Release|Any CPU
		{A817997D-0C02-4467-9A89-CD31EB4A192F}.Debug|Any CPU.ActiveCfg = Debug|Any CPU
		{A817997D-0C02-4467-9A89-CD31EB4A192F}.Debug|Any CPU.Build.0 = Debug|Any CPU
		{A817997D-0C02-4467-9A89-CD31EB4A192F}.Release|Any CPU.ActiveCfg = Release|Any CPU
		{A817997D-0C02-4467-9A89-CD31EB4A192F}.Release|Any CPU.Build.0 = Release|Any CPU
		{65D92568-0A5A-47C7-8A5A-FD7E148C6379}.Debug|Any CPU.ActiveCfg = Debug|Any CPU
		{65D92568-0A5A-47C7-8A5A-FD7E148C6379}.Debug|Any CPU.Build.0 = Debug|Any CPU
		{65D92568-0A5A-47C7-8A5A-FD7E148C6379}.Release|Any CPU.ActiveCfg = Release|Any CPU
		{65D92568-0A5A-47C7-8A5A-FD7E148C6379}.Release|Any CPU.Build.0 = Release|Any CPU
		{CDC4D0A8-2269-4D35-B82E-DF403221BB86}.Debug|Any CPU.ActiveCfg = Debug|Any CPU
		{CDC4D0A8-2269-4D35-B82E-DF403221BB86}.Debug|Any CPU.Build.0 = Debug|Any CPU
		{CDC4D0A8-2269-4D35-B82E-DF403221BB86}.Release|Any CPU.ActiveCfg = Release|Any CPU
		{CDC4D0A8-2269-4D35-B82E-DF403221BB86}.Release|Any CPU.Build.0 = Release|Any CPU
		{FDEB682E-BE80-4AFE-BB42-7D79EEAB3E96}.Debug|Any CPU.ActiveCfg = Debug|Any CPU
		{FDEB682E-BE80-4AFE-BB42-7D79EEAB3E96}.Debug|Any CPU.Build.0 = Debug|Any CPU
		{FDEB682E-BE80-4AFE-BB42-7D79EEAB3E96}.Release|Any CPU.ActiveCfg = Release|Any CPU
		{FDEB682E-BE80-4AFE-BB42-7D79EEAB3E96}.Release|Any CPU.Build.0 = Release|Any CPU
	EndGlobalSection
	GlobalSection(SolutionProperties) = preSolution
		HideSolutionNode = FALSE
	EndGlobalSection
	GlobalSection(NestedProjects) = preSolution
		{8C192D15-F371-4899-BCCB-F83D3A8D2121} = {C8EAB105-028B-4568-904B-23F402AAF2A9}
		{58377250-5038-4DEF-87FB-3E326B0D4ED7} = {C8EAB105-028B-4568-904B-23F402AAF2A9}
		{78879F59-AE2C-42EF-A0E6-9DA2D00E5610} = {C8EAB105-028B-4568-904B-23F402AAF2A9}
		{A1443266-08DB-479A-A516-99D426F26962} = {C8EAB105-028B-4568-904B-23F402AAF2A9}
		{9BDCDD8D-8ECB-4402-B07A-E8AA6F7D37B3} = {C8EAB105-028B-4568-904B-23F402AAF2A9}
		{F1D364A8-0B5B-4D6B-BE11-FCEE6F8DDABD} = {C8EAB105-028B-4568-904B-23F402AAF2A9}
	EndGlobalSection
	GlobalSection(ExtensibilityGlobals) = postSolution
		SolutionGuid = {3EF1BEF8-C0CD-4395-8F23-8863930147AB}
	EndGlobalSection
EndGlobal
