
Microsoft Visual Studio Solution File, Format Version 12.00
# Visual Studio Version 16
VisualStudioVersion = 16.0.28729.10
MinimumVisualStudioVersion = 10.0.40219.1
Project("{2150E333-8FDC-42A3-9474-1A3956D46DE8}") = "Solution Items", "Solution Items", "{E0A411C9-7362-4C4F-B0B4-65B9F80E6FD0}"
	ProjectSection(SolutionItems) = preProject
		.editorconfig = .editorconfig
		README.md = README.md
	EndProjectSection
EndProject
Project("{2150E333-8FDC-42A3-9474-1A3956D46DE8}") = "Deprecated", "Deprecated", "{C8EAB105-028B-4568-904B-23F402AAF2A9}"
EndProject
Project("{2150E333-8FDC-42A3-9474-1A3956D46DE8}") = "Tests", "Tests", "{86C61259-621C-406D-8D9F-F525EE4C1EE2}"
EndProject
Project("{9A19103F-16F7-4668-BE54-9A1E7A4F7556}") = "OSP_Endscreen", "OSP_Endscreen\OSP_Endscreen.csproj", "{88642B73-3FEB-4A4C-A59E-F58F917B3D65}"
EndProject
Project("{9A19103F-16F7-4668-BE54-9A1E7A4F7556}") = "HarbCrate", "HarbCrate\HarbCrate.csproj", "{AEB09347-7F36-4F37-9291-928AA48CFFFC}"
EndProject
Project("{9A19103F-16F7-4668-BE54-9A1E7A4F7556}") = "FirstStageSpawns", "Deprecated\FirstStageSpawns\FirstStageSpawns.csproj", "{E7DA1757-B107-47F0-8321-87849DBEDB02}"
EndProject
Project("{9A19103F-16F7-4668-BE54-9A1E7A4F7556}") = "GreedyLockboxes", "Deprecated\GreedyLockboxes\GreedyLockboxes.csproj", "{64E88175-849A-413D-A62F-18E2344CF558}"
EndProject
Project("{9A19103F-16F7-4668-BE54-9A1E7A4F7556}") = "NoForwardSaw", "Deprecated\NoForwardSaw\NoForwardSaw.csproj", "{C974E4FF-E2B6-49B5-9FFA-65F747A0F6E0}"
EndProject
Project("{9A19103F-16F7-4668-BE54-9A1E7A4F7556}") = "NoMoreTripleQuestion", "Deprecated\NoMoreTripleQuestion\NoMoreTripleQuestion.csproj", "{321D2766-1FB1-4104-8C0C-A8954CA60F90}"
EndProject
Project("{9A19103F-16F7-4668-BE54-9A1E7A4F7556}") = "ShorterMedkits", "Deprecated\ShorterMedkits\ShorterMedkits.csproj", "{C47126F2-EA37-48CA-A001-2FC0F506A154}"
EndProject
Project("{9A19103F-16F7-4668-BE54-9A1E7A4F7556}") = "BiggerLockboxes", "Deprecated\BiggerLockboxes\BiggerLockboxes.csproj", "{F72490CB-FCEF-467C-A3BC-A343E537D148}"
EndProject
Project("{9A19103F-16F7-4668-BE54-9A1E7A4F7556}") = "Skillshrine", "SkillShrine\Skillshrine.csproj", "{C7B1A8E2-5A58-4292-9F58-AAFE090546E3}"
EndProject
Project("{9A19103F-16F7-4668-BE54-9A1E7A4F7556}") = "emptyPlugin", "emptyPlugin\emptyPlugin.csproj", "{39523BA3-C898-43D5-8473-7DE946ACB985}"
EndProject
Project("{9A19103F-16F7-4668-BE54-9A1E7A4F7556}") = "DumbStupidStats", "DumbStupidStats\DumbStupidStats.csproj", "{95243E3A-B841-4F6D-874B-B8D50555BDD4}"
EndProject
Project("{9A19103F-16F7-4668-BE54-9A1E7A4F7556}") = "HarbTweaks", "HarbTweaks\HarbTweaks.csproj", "{4C61C163-377B-4534-996A-BC9B523896C1}"
EndProject
Project("{9A19103F-16F7-4668-BE54-9A1E7A4F7556}") = "Diluvian", "Diluvian\Diluvian.csproj", "{4F68D398-C047-4E7B-AA83-62C311D86780}"
EndProject
Global
	GlobalSection(SolutionConfigurationPlatforms) = preSolution
		Debug|Any CPU = Debug|Any CPU
		Release|Any CPU = Release|Any CPU
	EndGlobalSection
	GlobalSection(ProjectConfigurationPlatforms) = postSolution
		{88642B73-3FEB-4A4C-A59E-F58F917B3D65}.Debug|Any CPU.ActiveCfg = Debug|Any CPU
		{88642B73-3FEB-4A4C-A59E-F58F917B3D65}.Debug|Any CPU.Build.0 = Debug|Any CPU
		{88642B73-3FEB-4A4C-A59E-F58F917B3D65}.Release|Any CPU.ActiveCfg = Release|Any CPU
		{88642B73-3FEB-4A4C-A59E-F58F917B3D65}.Release|Any CPU.Build.0 = Release|Any CPU
		{AEB09347-7F36-4F37-9291-928AA48CFFFC}.Debug|Any CPU.ActiveCfg = Debug|Any CPU
		{AEB09347-7F36-4F37-9291-928AA48CFFFC}.Debug|Any CPU.Build.0 = Debug|Any CPU
		{AEB09347-7F36-4F37-9291-928AA48CFFFC}.Release|Any CPU.ActiveCfg = Release|Any CPU
		{AEB09347-7F36-4F37-9291-928AA48CFFFC}.Release|Any CPU.Build.0 = Release|Any CPU
		{E7DA1757-B107-47F0-8321-87849DBEDB02}.Debug|Any CPU.ActiveCfg = Debug|Any CPU
		{E7DA1757-B107-47F0-8321-87849DBEDB02}.Debug|Any CPU.Build.0 = Debug|Any CPU
		{E7DA1757-B107-47F0-8321-87849DBEDB02}.Release|Any CPU.ActiveCfg = Release|Any CPU
		{E7DA1757-B107-47F0-8321-87849DBEDB02}.Release|Any CPU.Build.0 = Release|Any CPU
		{64E88175-849A-413D-A62F-18E2344CF558}.Debug|Any CPU.ActiveCfg = Debug|Any CPU
		{64E88175-849A-413D-A62F-18E2344CF558}.Debug|Any CPU.Build.0 = Debug|Any CPU
		{64E88175-849A-413D-A62F-18E2344CF558}.Release|Any CPU.ActiveCfg = Release|Any CPU
		{64E88175-849A-413D-A62F-18E2344CF558}.Release|Any CPU.Build.0 = Release|Any CPU
		{C974E4FF-E2B6-49B5-9FFA-65F747A0F6E0}.Debug|Any CPU.ActiveCfg = Debug|Any CPU
		{C974E4FF-E2B6-49B5-9FFA-65F747A0F6E0}.Debug|Any CPU.Build.0 = Debug|Any CPU
		{C974E4FF-E2B6-49B5-9FFA-65F747A0F6E0}.Release|Any CPU.ActiveCfg = Release|Any CPU
		{C974E4FF-E2B6-49B5-9FFA-65F747A0F6E0}.Release|Any CPU.Build.0 = Release|Any CPU
		{321D2766-1FB1-4104-8C0C-A8954CA60F90}.Debug|Any CPU.ActiveCfg = Debug|Any CPU
		{321D2766-1FB1-4104-8C0C-A8954CA60F90}.Debug|Any CPU.Build.0 = Debug|Any CPU
		{321D2766-1FB1-4104-8C0C-A8954CA60F90}.Release|Any CPU.ActiveCfg = Release|Any CPU
		{321D2766-1FB1-4104-8C0C-A8954CA60F90}.Release|Any CPU.Build.0 = Release|Any CPU
		{C47126F2-EA37-48CA-A001-2FC0F506A154}.Debug|Any CPU.ActiveCfg = Debug|Any CPU
		{C47126F2-EA37-48CA-A001-2FC0F506A154}.Debug|Any CPU.Build.0 = Debug|Any CPU
		{C47126F2-EA37-48CA-A001-2FC0F506A154}.Release|Any CPU.ActiveCfg = Release|Any CPU
		{C47126F2-EA37-48CA-A001-2FC0F506A154}.Release|Any CPU.Build.0 = Release|Any CPU
		{F72490CB-FCEF-467C-A3BC-A343E537D148}.Debug|Any CPU.ActiveCfg = Debug|Any CPU
		{F72490CB-FCEF-467C-A3BC-A343E537D148}.Debug|Any CPU.Build.0 = Debug|Any CPU
		{F72490CB-FCEF-467C-A3BC-A343E537D148}.Release|Any CPU.ActiveCfg = Release|Any CPU
		{F72490CB-FCEF-467C-A3BC-A343E537D148}.Release|Any CPU.Build.0 = Release|Any CPU
		{C7B1A8E2-5A58-4292-9F58-AAFE090546E3}.Debug|Any CPU.ActiveCfg = Debug|Any CPU
		{C7B1A8E2-5A58-4292-9F58-AAFE090546E3}.Debug|Any CPU.Build.0 = Debug|Any CPU
		{C7B1A8E2-5A58-4292-9F58-AAFE090546E3}.Release|Any CPU.ActiveCfg = Release|Any CPU
		{C7B1A8E2-5A58-4292-9F58-AAFE090546E3}.Release|Any CPU.Build.0 = Release|Any CPU
		{39523BA3-C898-43D5-8473-7DE946ACB985}.Debug|Any CPU.ActiveCfg = Debug|Any CPU
		{39523BA3-C898-43D5-8473-7DE946ACB985}.Debug|Any CPU.Build.0 = Debug|Any CPU
		{39523BA3-C898-43D5-8473-7DE946ACB985}.Release|Any CPU.ActiveCfg = Release|Any CPU
		{39523BA3-C898-43D5-8473-7DE946ACB985}.Release|Any CPU.Build.0 = Release|Any CPU
		{95243E3A-B841-4F6D-874B-B8D50555BDD4}.Debug|Any CPU.ActiveCfg = Debug|Any CPU
		{95243E3A-B841-4F6D-874B-B8D50555BDD4}.Debug|Any CPU.Build.0 = Debug|Any CPU
		{95243E3A-B841-4F6D-874B-B8D50555BDD4}.Release|Any CPU.ActiveCfg = Release|Any CPU
		{95243E3A-B841-4F6D-874B-B8D50555BDD4}.Release|Any CPU.Build.0 = Release|Any CPU
		{4C61C163-377B-4534-996A-BC9B523896C1}.Debug|Any CPU.ActiveCfg = Debug|Any CPU
		{4C61C163-377B-4534-996A-BC9B523896C1}.Debug|Any CPU.Build.0 = Debug|Any CPU
		{4C61C163-377B-4534-996A-BC9B523896C1}.Release|Any CPU.ActiveCfg = Release|Any CPU
		{4C61C163-377B-4534-996A-BC9B523896C1}.Release|Any CPU.Build.0 = Release|Any CPU
		{4F68D398-C047-4E7B-AA83-62C311D86780}.Debug|Any CPU.ActiveCfg = Debug|Any CPU
		{4F68D398-C047-4E7B-AA83-62C311D86780}.Debug|Any CPU.Build.0 = Debug|Any CPU
		{4F68D398-C047-4E7B-AA83-62C311D86780}.Release|Any CPU.ActiveCfg = Release|Any CPU
		{4F68D398-C047-4E7B-AA83-62C311D86780}.Release|Any CPU.Build.0 = Release|Any CPU
	EndGlobalSection
	GlobalSection(SolutionProperties) = preSolution
		HideSolutionNode = FALSE
	EndGlobalSection
	GlobalSection(NestedProjects) = preSolution
		{E7DA1757-B107-47F0-8321-87849DBEDB02} = {C8EAB105-028B-4568-904B-23F402AAF2A9}
		{64E88175-849A-413D-A62F-18E2344CF558} = {C8EAB105-028B-4568-904B-23F402AAF2A9}
		{C974E4FF-E2B6-49B5-9FFA-65F747A0F6E0} = {C8EAB105-028B-4568-904B-23F402AAF2A9}
		{321D2766-1FB1-4104-8C0C-A8954CA60F90} = {C8EAB105-028B-4568-904B-23F402AAF2A9}
		{C47126F2-EA37-48CA-A001-2FC0F506A154} = {C8EAB105-028B-4568-904B-23F402AAF2A9}
		{F72490CB-FCEF-467C-A3BC-A343E537D148} = {C8EAB105-028B-4568-904B-23F402AAF2A9}
	EndGlobalSection
	GlobalSection(ExtensibilityGlobals) = postSolution
		SolutionGuid = {3EF1BEF8-C0CD-4395-8F23-8863930147AB}
	EndGlobalSection
EndGlobal
