
Microsoft Visual Studio Solution File, Format Version 12.00
# Visual Studio Version 16
VisualStudioVersion = 16.0.28729.10
MinimumVisualStudioVersion = 10.0.40219.1
Project("{9A19103F-16F7-4668-BE54-9A1E7A4F7556}") = "OSP_Endscreen", "OSP_Endscreen\OSP_Endscreen.csproj", "{E5D27DAC-D148-46F3-9C29-B1C052C79407}"
EndProject
Project("{9A19103F-16F7-4668-BE54-9A1E7A4F7556}") = "BiggerLockboxes", "BiggerLockboxes\BiggerLockboxes.csproj", "{8C192D15-F371-4899-BCCB-F83D3A8D2121}"
EndProject
Project("{9A19103F-16F7-4668-BE54-9A1E7A4F7556}") = "HarbCrate", "HarbCrate\HarbCrate.csproj", "{C2DE2868-4962-41D8-9B88-7C57633C1B5A}"
EndProject
Project("{2150E333-8FDC-42A3-9474-1A3956D46DE8}") = "Solution Items", "Solution Items", "{E0A411C9-7362-4C4F-B0B4-65B9F80E6FD0}"
	ProjectSection(SolutionItems) = preProject
		README.md = README.md
	EndProjectSection
EndProject
Project("{2150E333-8FDC-42A3-9474-1A3956D46DE8}") = "Deprecated", "Deprecated", "{C8EAB105-028B-4568-904B-23F402AAF2A9}"
EndProject
Project("{2150E333-8FDC-42A3-9474-1A3956D46DE8}") = "Tests", "Tests", "{86C61259-621C-406D-8D9F-F525EE4C1EE2}"
EndProject
Project("{9A19103F-16F7-4668-BE54-9A1E7A4F7556}") = "Skillshrine", "SkillShrine\Skillshrine.csproj", "{A817997D-0C02-4467-9A89-CD31EB4A192F}"
EndProject
Project("{9A19103F-16F7-4668-BE54-9A1E7A4F7556}") = "emptyPlugin", "emptyPlugin\emptyPlugin.csproj", "{65D92568-0A5A-47C7-8A5A-FD7E148C6379}"
EndProject
Project("{9A19103F-16F7-4668-BE54-9A1E7A4F7556}") = "HarbTweaks", "HarbTweaks\HarbTweaks.csproj", "{CDC4D0A8-2269-4D35-B82E-DF403221BB86}"
EndProject
Project("{9A19103F-16F7-4668-BE54-9A1E7A4F7556}") = "Diluvian", "Diluvian\Diluvian.csproj", "{B4750E41-2909-4821-94C1-C768ACE281EF}"
EndProject
Project("{9A19103F-16F7-4668-BE54-9A1E7A4F7556}") = "FirstStageSpawns", "Deprecated\FirstStageSpawns\FirstStageSpawns.csproj", "{041A90E4-5438-4AAB-AF14-AD8BEEB9159E}"
EndProject
Project("{9A19103F-16F7-4668-BE54-9A1E7A4F7556}") = "GreedyLockboxes", "Deprecated\GreedyLockboxes\GreedyLockboxes.csproj", "{4023B031-86C1-4A48-BF35-78545C299B0A}"
EndProject
Project("{9A19103F-16F7-4668-BE54-9A1E7A4F7556}") = "NoForwardSaw", "Deprecated\NoForwardSaw\NoForwardSaw.csproj", "{5A3A4098-C615-4EAD-8B20-F85944C4BFC4}"
EndProject
Project("{9A19103F-16F7-4668-BE54-9A1E7A4F7556}") = "NoMoreTripleQuestion", "Deprecated\NoMoreTripleQuestion\NoMoreTripleQuestion.csproj", "{0639CDA3-4A1E-4D07-8DBB-B088EB304B5F}"
EndProject
Project("{9A19103F-16F7-4668-BE54-9A1E7A4F7556}") = "ShorterMedkits", "Deprecated\ShorterMedkits\ShorterMedkits.csproj", "{2D0015E1-3B7C-463C-B6C6-71F13451584C}"
EndProject
Global
	GlobalSection(SolutionConfigurationPlatforms) = preSolution
		Debug|Any CPU = Debug|Any CPU
		Release|Any CPU = Release|Any CPU
	EndGlobalSection
	GlobalSection(ProjectConfigurationPlatforms) = postSolution
		{E5D27DAC-D148-46F3-9C29-B1C052C79407}.Debug|Any CPU.ActiveCfg = Debug|Any CPU
		{E5D27DAC-D148-46F3-9C29-B1C052C79407}.Debug|Any CPU.Build.0 = Debug|Any CPU
		{E5D27DAC-D148-46F3-9C29-B1C052C79407}.Release|Any CPU.ActiveCfg = Release|Any CPU
		{E5D27DAC-D148-46F3-9C29-B1C052C79407}.Release|Any CPU.Build.0 = Release|Any CPU
		{8C192D15-F371-4899-BCCB-F83D3A8D2121}.Debug|Any CPU.ActiveCfg = Debug|Any CPU
		{8C192D15-F371-4899-BCCB-F83D3A8D2121}.Debug|Any CPU.Build.0 = Debug|Any CPU
		{8C192D15-F371-4899-BCCB-F83D3A8D2121}.Release|Any CPU.ActiveCfg = Release|Any CPU
		{8C192D15-F371-4899-BCCB-F83D3A8D2121}.Release|Any CPU.Build.0 = Release|Any CPU
		{C2DE2868-4962-41D8-9B88-7C57633C1B5A}.Debug|Any CPU.ActiveCfg = Debug|Any CPU
		{C2DE2868-4962-41D8-9B88-7C57633C1B5A}.Debug|Any CPU.Build.0 = Debug|Any CPU
		{C2DE2868-4962-41D8-9B88-7C57633C1B5A}.Release|Any CPU.ActiveCfg = Release|Any CPU
		{C2DE2868-4962-41D8-9B88-7C57633C1B5A}.Release|Any CPU.Build.0 = Release|Any CPU
		{A817997D-0C02-4467-9A89-CD31EB4A192F}.Debug|Any CPU.ActiveCfg = Debug|Any CPU
		{A817997D-0C02-4467-9A89-CD31EB4A192F}.Debug|Any CPU.Build.0 = Debug|Any CPU
		{A817997D-0C02-4467-9A89-CD31EB4A192F}.Release|Any CPU.ActiveCfg = Release|Any CPU
		{A817997D-0C02-4467-9A89-CD31EB4A192F}.Release|Any CPU.Build.0 = Release|Any CPU
		{65D92568-0A5A-47C7-8A5A-FD7E148C6379}.Debug|Any CPU.ActiveCfg = Debug|Any CPU
		{65D92568-0A5A-47C7-8A5A-FD7E148C6379}.Debug|Any CPU.Build.0 = Debug|Any CPU
		{65D92568-0A5A-47C7-8A5A-FD7E148C6379}.Release|Any CPU.ActiveCfg = Release|Any CPU
		{65D92568-0A5A-47C7-8A5A-FD7E148C6379}.Release|Any CPU.Build.0 = Release|Any CPU
		{CDC4D0A8-2269-4D35-B82E-DF403221BB86}.Debug|Any CPU.ActiveCfg = Debug|Any CPU
		{CDC4D0A8-2269-4D35-B82E-DF403221BB86}.Debug|Any CPU.Build.0 = Debug|Any CPU
		{CDC4D0A8-2269-4D35-B82E-DF403221BB86}.Release|Any CPU.ActiveCfg = Release|Any CPU
		{CDC4D0A8-2269-4D35-B82E-DF403221BB86}.Release|Any CPU.Build.0 = Release|Any CPU
		{B4750E41-2909-4821-94C1-C768ACE281EF}.Debug|Any CPU.ActiveCfg = Debug|Any CPU
		{B4750E41-2909-4821-94C1-C768ACE281EF}.Debug|Any CPU.Build.0 = Debug|Any CPU
		{B4750E41-2909-4821-94C1-C768ACE281EF}.Release|Any CPU.ActiveCfg = Release|Any CPU
		{B4750E41-2909-4821-94C1-C768ACE281EF}.Release|Any CPU.Build.0 = Release|Any CPU
		{041A90E4-5438-4AAB-AF14-AD8BEEB9159E}.Debug|Any CPU.ActiveCfg = Debug|Any CPU
		{041A90E4-5438-4AAB-AF14-AD8BEEB9159E}.Debug|Any CPU.Build.0 = Debug|Any CPU
		{041A90E4-5438-4AAB-AF14-AD8BEEB9159E}.Release|Any CPU.ActiveCfg = Release|Any CPU
		{041A90E4-5438-4AAB-AF14-AD8BEEB9159E}.Release|Any CPU.Build.0 = Release|Any CPU
		{4023B031-86C1-4A48-BF35-78545C299B0A}.Debug|Any CPU.ActiveCfg = Debug|Any CPU
		{4023B031-86C1-4A48-BF35-78545C299B0A}.Debug|Any CPU.Build.0 = Debug|Any CPU
		{4023B031-86C1-4A48-BF35-78545C299B0A}.Release|Any CPU.ActiveCfg = Release|Any CPU
		{4023B031-86C1-4A48-BF35-78545C299B0A}.Release|Any CPU.Build.0 = Release|Any CPU
		{5A3A4098-C615-4EAD-8B20-F85944C4BFC4}.Debug|Any CPU.ActiveCfg = Debug|Any CPU
		{5A3A4098-C615-4EAD-8B20-F85944C4BFC4}.Debug|Any CPU.Build.0 = Debug|Any CPU
		{5A3A4098-C615-4EAD-8B20-F85944C4BFC4}.Release|Any CPU.ActiveCfg = Release|Any CPU
		{5A3A4098-C615-4EAD-8B20-F85944C4BFC4}.Release|Any CPU.Build.0 = Release|Any CPU
		{0639CDA3-4A1E-4D07-8DBB-B088EB304B5F}.Debug|Any CPU.ActiveCfg = Debug|Any CPU
		{0639CDA3-4A1E-4D07-8DBB-B088EB304B5F}.Debug|Any CPU.Build.0 = Debug|Any CPU
		{0639CDA3-4A1E-4D07-8DBB-B088EB304B5F}.Release|Any CPU.ActiveCfg = Release|Any CPU
		{0639CDA3-4A1E-4D07-8DBB-B088EB304B5F}.Release|Any CPU.Build.0 = Release|Any CPU
		{2D0015E1-3B7C-463C-B6C6-71F13451584C}.Debug|Any CPU.ActiveCfg = Debug|Any CPU
		{2D0015E1-3B7C-463C-B6C6-71F13451584C}.Debug|Any CPU.Build.0 = Debug|Any CPU
		{2D0015E1-3B7C-463C-B6C6-71F13451584C}.Release|Any CPU.ActiveCfg = Release|Any CPU
		{2D0015E1-3B7C-463C-B6C6-71F13451584C}.Release|Any CPU.Build.0 = Release|Any CPU
	EndGlobalSection
	GlobalSection(SolutionProperties) = preSolution
		HideSolutionNode = FALSE
	EndGlobalSection
	GlobalSection(NestedProjects) = preSolution
		{8C192D15-F371-4899-BCCB-F83D3A8D2121} = {C8EAB105-028B-4568-904B-23F402AAF2A9}
		{041A90E4-5438-4AAB-AF14-AD8BEEB9159E} = {C8EAB105-028B-4568-904B-23F402AAF2A9}
		{4023B031-86C1-4A48-BF35-78545C299B0A} = {C8EAB105-028B-4568-904B-23F402AAF2A9}
		{5A3A4098-C615-4EAD-8B20-F85944C4BFC4} = {C8EAB105-028B-4568-904B-23F402AAF2A9}
		{0639CDA3-4A1E-4D07-8DBB-B088EB304B5F} = {C8EAB105-028B-4568-904B-23F402AAF2A9}
		{2D0015E1-3B7C-463C-B6C6-71F13451584C} = {C8EAB105-028B-4568-904B-23F402AAF2A9}
	EndGlobalSection
	GlobalSection(ExtensibilityGlobals) = postSolution
		SolutionGuid = {3EF1BEF8-C0CD-4395-8F23-8863930147AB}
	EndGlobalSection
EndGlobal
